{
  "name": "touchguildbase",
  "version": "1.0.0",
  "lockfileVersion": 3,
  "requires": true,
  "packages": {
    "": {
      "name": "touchguildbase",
      "version": "1.0.0",
      "license": "ISC",
      "dependencies": {
        "fs": "^0.0.1-security",
        "primebit.js": "^1.2.8",
        "touchguild": "^1.2.4"
      }
    },
    "node_modules/@fastify/busboy": {
      "version": "2.1.1",
      "resolved": "https://registry.npmjs.org/@fastify/busboy/-/busboy-2.1.1.tgz",
      "integrity": "sha512-vBZP4NlzfOlerQTnba4aqZoMhE/a9HY7HRqoOPaETQcSQuWEIyZMHGfVu6w9wGtGK5fED5qRs2DteVCjOH60sA==",
      "engines": {
        "node": ">=14"
      }
    },
    "node_modules/fs": {
      "version": "0.0.1-security",
      "resolved": "https://registry.npmjs.org/fs/-/fs-0.0.1-security.tgz",
      "integrity": "sha512-3XY9e1pP0CVEUCdj5BmfIZxRBTSDycnbqhIOGec9QYtmVH2fbLpj86CFWkrNOkt/Fvty4KZG5lTglL9j/gJ87w=="
    },
    "node_modules/guildedapi-types.ts": {
      "version": "0.3.44",
      "resolved": "https://registry.npmjs.org/guildedapi-types.ts/-/guildedapi-types.ts-0.3.44.tgz",
      "integrity": "sha512-9VrGKQaETsAE83Hv2Qep6/6QeE5fMpMbPIIAhjW1cd9imc6WDsktuLHpxK0Oe8OSui5Ir0nOgmTF2CSeoxXWSw==",
      "dependencies": {
        "tslib": "^2.4.1"
      }
    },
    "node_modules/primebit.js": {
      "version": "1.2.8",
      "resolved": "https://registry.npmjs.org/primebit.js/-/primebit.js-1.2.8.tgz",
      "integrity": "sha512-9LWK2n0XG5jNm7QQY54Pe2doIDUoRW8aPz/tE65fDPtKWiVzKLAnqTRuznKNg25W7W4j9omtQaCS64cBq3c4KA==",
      "license": "ISC",
      "dependencies": {
        "primebit.js": "^1.2.7"
      },
      "bin": {
        "primebit-install": "primebit-install.js"
      }
    },
    "node_modules/touchguild": {
      "version": "1.2.4",
      "resolved": "https://registry.npmjs.org/touchguild/-/touchguild-1.2.4.tgz",
      "integrity": "sha512-J4nq32eybEOuSPnZ5Ccd4YTHv8lKB2gzoTUrhzZmM6kmHupTlLmnmZA0Fhkzh7xIcQgGXlr0Fmtgg3K7Kli8tg==",
      "dependencies": {
        "guildedapi-types.ts": "0.3.44",
        "undici": "^5.14.0",
        "ws": "^8.11.0"
      },
      "engines": {
        "node": ">= 16.16.0"
      }
    },
    "node_modules/tslib": {
      "version": "2.6.3",
      "resolved": "https://registry.npmjs.org/tslib/-/tslib-2.6.3.tgz",
      "integrity": "sha512-xNvxJEOUiWPGhUuUdQgAJPKOOJfGnIyKySOc09XkKsgdUV/3E2zvwZYdejjmRgPCgcym1juLH3226yA7sEFJKQ=="
    },
    "node_modules/undici": {
      "version": "5.28.4",
      "resolved": "https://registry.npmjs.org/undici/-/undici-5.28.4.tgz",
      "integrity": "sha512-72RFADWFqKmUb2hmmvNODKL3p9hcB6Gt2DOQMis1SEBaV6a4MH8soBvzg+95CYhCKPFedut2JY9bMfrDl9D23g==",
      "dependencies": {
        "@fastify/busboy": "^2.0.0"
      },
      "engines": {
        "node": ">=14.0"
      }
    },
    "node_modules/ws": {
      "version": "8.17.1",
      "resolved": "https://registry.npmjs.org/ws/-/ws-8.17.1.tgz",
      "integrity": "sha512-6XQFvXTkbfUOZOKKILFG1PDK2NDQs4azKQl26T0YS5CxqWLgXajbPZ+h4gZekJyRqFU8pvnbAbbs/3TgRPy+GQ==",
      "engines": {
        "node": ">=10.0.0"
      },
      "peerDependencies": {
        "bufferutil": "^4.0.1",
        "utf-8-validate": ">=5.0.2"
      },
      "peerDependenciesMeta": {
        "bufferutil": {
          "optional": true
        },
        "utf-8-validate": {
          "optional": true
        }
      }
    }
  }
}
